name: Generate lockfile

on:
  workflow_dispatch:

permissions:
  contents: write

jobs:
  lockfile:
    runs-on: ubuntu-latest
    steps:
      - uses: actions/checkout@v4
        with:
          ref: main
      - uses: actions/setup-node@v4
        with:
          node-version: 22
          cache: npm
      # Crea SOLO el package-lock.json a partir de package.json
      - run: npm install --package-lock-only
      - name: Commit lockfile
        run: |
          git config user.name "github-actions[bot]"
          git config user.email "github-actions[bot]@users.noreply.github.com"
          git add package-lock.json
          git commit -m "chore: add package-lock.json for Firebase App Hosting"
          git push
